
Microsoft Visual Studio Solution File, Format Version 12.00
# Visual Studio Version 16
VisualStudioVersion = 16.0.30413.136
MinimumVisualStudioVersion = 10.0.40219.1
Project("{9A19103F-16F7-4668-BE54-9A1E7A4F7556}") = "Hellowold", "Hellowold\Hellowold.csproj", "{2DDEA255-943C-45F6-BCAA-7755BC663721}"
EndProject
Project("{9A19103F-16F7-4668-BE54-9A1E7A4F7556}") = "Metod", "Metod\Metod.csproj", "{A0AE33A5-FE6E-4305-A1FF-8343C9361D1D}"
EndProject
Project("{FAE04EC0-301F-11D3-BF4B-00C04F79EFBC}") = "Metod2", "Metod2\Metod2.csproj", "{86B1C8EB-293E-4995-A10C-4B92DE42FC11}"
EndProject
Global
	GlobalSection(SolutionConfigurationPlatforms) = preSolution
		Debug|Any CPU = Debug|Any CPU
		Release|Any CPU = Release|Any CPU
	EndGlobalSection
	GlobalSection(ProjectConfigurationPlatforms) = postSolution
		{2DDEA255-943C-45F6-BCAA-7755BC663721}.Debug|Any CPU.ActiveCfg = Debug|Any CPU
		{2DDEA255-943C-45F6-BCAA-7755BC663721}.Debug|Any CPU.Build.0 = Debug|Any CPU
		{2DDEA255-943C-45F6-BCAA-7755BC663721}.Release|Any CPU.ActiveCfg = Release|Any CPU
		{2DDEA255-943C-45F6-BCAA-7755BC663721}.Release|Any CPU.Build.0 = Release|Any CPU
		{A0AE33A5-FE6E-4305-A1FF-8343C9361D1D}.Debug|Any CPU.ActiveCfg = Debug|Any CPU
		{A0AE33A5-FE6E-4305-A1FF-8343C9361D1D}.Debug|Any CPU.Build.0 = Debug|Any CPU
		{A0AE33A5-FE6E-4305-A1FF-8343C9361D1D}.Release|Any CPU.ActiveCfg = Release|Any CPU
		{A0AE33A5-FE6E-4305-A1FF-8343C9361D1D}.Release|Any CPU.Build.0 = Release|Any CPU
		{86B1C8EB-293E-4995-A10C-4B92DE42FC11}.Debug|Any CPU.ActiveCfg = Debug|Any CPU
		{86B1C8EB-293E-4995-A10C-4B92DE42FC11}.Debug|Any CPU.Build.0 = Debug|Any CPU
		{86B1C8EB-293E-4995-A10C-4B92DE42FC11}.Release|Any CPU.ActiveCfg = Release|Any CPU
		{86B1C8EB-293E-4995-A10C-4B92DE42FC11}.Release|Any CPU.Build.0 = Release|Any CPU
	EndGlobalSection
	GlobalSection(SolutionProperties) = preSolution
		HideSolutionNode = FALSE
	EndGlobalSection
	GlobalSection(ExtensibilityGlobals) = postSolution
		SolutionGuid = {846B8C08-A26B-4818-8BC9-16A1BBC0BA49}
	EndGlobalSection
EndGlobal
