
Microsoft Visual Studio Solution File, Format Version 12.00
# Visual Studio Version 16
VisualStudioVersion = 16.0.30413.136
MinimumVisualStudioVersion = 10.0.40219.1
Project("{FAE04EC0-301F-11D3-BF4B-00C04F79EFBC}") = "Polumorfi", "Polumorfi\Polumorfi.csproj", "{CBE23CC3-5A43-4AAD-9E35-0CDB761B582E}"
EndProject
Global
	GlobalSection(SolutionConfigurationPlatforms) = preSolution
		Debug|Any CPU = Debug|Any CPU
		Release|Any CPU = Release|Any CPU
	EndGlobalSection
	GlobalSection(ProjectConfigurationPlatforms) = postSolution
		{CBE23CC3-5A43-4AAD-9E35-0CDB761B582E}.Debug|Any CPU.ActiveCfg = Debug|Any CPU
		{CBE23CC3-5A43-4AAD-9E35-0CDB761B582E}.Debug|Any CPU.Build.0 = Debug|Any CPU
		{CBE23CC3-5A43-4AAD-9E35-0CDB761B582E}.Release|Any CPU.ActiveCfg = Release|Any CPU
		{CBE23CC3-5A43-4AAD-9E35-0CDB761B582E}.Release|Any CPU.Build.0 = Release|Any CPU
	EndGlobalSection
	GlobalSection(SolutionProperties) = preSolution
		HideSolutionNode = FALSE
	EndGlobalSection
	GlobalSection(ExtensibilityGlobals) = postSolution
		SolutionGuid = {0BBC27C2-4B89-433D-B89D-1C70DFE70257}
	EndGlobalSection
EndGlobal
